// !$*UTF8*$!
{
	archiveVersion = 1;
	classes = {
	};
	objectVersion = 46;
	objects = {

/* Begin PBXBuildFile section */
		B703F7281A16F5FD003704FC /* Images.xcassets in Resources */ = {isa = PBXBuildFile; fileRef = B703F7271A16F5FD003704FC /* Images.xcassets */; };
		B75724801A05663900F202B0 /* AppDelegate.swift in Sources */ = {isa = PBXBuildFile; fileRef = B757247F1A05663900F202B0 /* AppDelegate.swift */; };
		B75724821A05663900F202B0 /* ViewController.swift in Sources */ = {isa = PBXBuildFile; fileRef = B75724811A05663900F202B0 /* ViewController.swift */; };
		B75724851A05663900F202B0 /* Main.storyboard in Resources */ = {isa = PBXBuildFile; fileRef = B75724831A05663900F202B0 /* Main.storyboard */; };
		B757248A1A05663B00F202B0 /* LaunchScreen.xib in Resources */ = {isa = PBXBuildFile; fileRef = B75724881A05663B00F202B0 /* LaunchScreen.xib */; };
		B75724961A05663B00F202B0 /* Roll_Player_Dice_HelperTests.swift in Sources */ = {isa = PBXBuildFile; fileRef = B75724951A05663B00F202B0 /* Roll_Player_Dice_HelperTests.swift */; };
		B785EBB11A4275C000638057 /* diceroll.mp3 in Resources */ = {isa = PBXBuildFile; fileRef = B785EBB01A4275C000638057 /* diceroll.mp3 */; };
		B7C15B801A0DB86F005F18A5 /* IMG_0286.JPG in Resources */ = {isa = PBXBuildFile; fileRef = B7C15B7F1A0DB86F005F18A5 /* IMG_0286.JPG */; };
		B7C9DFA31A47BDD600E39BCD /* AVFoundation.framework in Frameworks */ = {isa = PBXBuildFile; fileRef = B7C9DFA21A47BDD600E39BCD /* AVFoundation.framework */; };
/* End PBXBuildFile section */

/* Begin PBXContainerItemProxy section */
		B75724901A05663B00F202B0 /* PBXContainerItemProxy */ = {
			isa = PBXContainerItemProxy;
			containerPortal = B75724721A05663800F202B0 /* Project object */;
			proxyType = 1;
			remoteGlobalIDString = B75724791A05663900F202B0;
			remoteInfo = "Roll Player Dice Helper";
		};
/* End PBXContainerItemProxy section */

/* Begin PBXFileReference section */
		B703F7271A16F5FD003704FC /* Images.xcassets */ = {isa = PBXFileReference; lastKnownFileType = folder.assetcatalog; path = Images.xcassets; sourceTree = "<group>"; };
		B757247A1A05663900F202B0 /* Roll Player Dice Helper.app */ = {isa = PBXFileReference; explicitFileType = wrapper.application; includeInIndex = 0; path = "Roll Player Dice Helper.app"; sourceTree = BUILT_PRODUCTS_DIR; };
		B757247E1A05663900F202B0 /* Info.plist */ = {isa = PBXFileReference; lastKnownFileType = text.plist.xml; path = Info.plist; sourceTree = "<group>"; };
		B757247F1A05663900F202B0 /* AppDelegate.swift */ = {isa = PBXFileReference; lastKnownFileType = sourcecode.swift; path = AppDelegate.swift; sourceTree = "<group>"; };
		B75724811A05663900F202B0 /* ViewController.swift */ = {isa = PBXFileReference; lastKnownFileType = sourcecode.swift; path = ViewController.swift; sourceTree = "<group>"; };
		B75724841A05663900F202B0 /* Base */ = {isa = PBXFileReference; lastKnownFileType = file.storyboard; name = Base; path = Base.lproj/Main.storyboard; sourceTree = "<group>"; };
		B75724891A05663B00F202B0 /* Base */ = {isa = PBXFileReference; lastKnownFileType = file.xib; name = Base; path = Base.lproj/LaunchScreen.xib; sourceTree = "<group>"; };
		B757248F1A05663B00F202B0 /* Roll Player Dice HelperTests.xctest */ = {isa = PBXFileReference; explicitFileType = wrapper.cfbundle; includeInIndex = 0; path = "Roll Player Dice HelperTests.xctest"; sourceTree = BUILT_PRODUCTS_DIR; };
		B75724941A05663B00F202B0 /* Info.plist */ = {isa = PBXFileReference; lastKnownFileType = text.plist.xml; path = Info.plist; sourceTree = "<group>"; };
		B75724951A05663B00F202B0 /* Roll_Player_Dice_HelperTests.swift */ = {isa = PBXFileReference; lastKnownFileType = sourcecode.swift; path = Roll_Player_Dice_HelperTests.swift; sourceTree = "<group>"; };
		B785EBB01A4275C000638057 /* diceroll.mp3 */ = {isa = PBXFileReference; lastKnownFileType = audio.mp3; path = diceroll.mp3; sourceTree = "<group>"; };
		B7C15B7F1A0DB86F005F18A5 /* IMG_0286.JPG */ = {isa = PBXFileReference; lastKnownFileType = image.jpeg; path = IMG_0286.JPG; sourceTree = "<group>"; };
		B7C9DFA21A47BDD600E39BCD /* AVFoundation.framework */ = {isa = PBXFileReference; lastKnownFileType = wrapper.framework; name = AVFoundation.framework; path = System/Library/Frameworks/AVFoundation.framework; sourceTree = SDKROOT; };
/* End PBXFileReference section */

/* Begin PBXFrameworksBuildPhase section */
		B75724771A05663900F202B0 /* Frameworks */ = {
			isa = PBXFrameworksBuildPhase;
			buildActionMask = 2147483647;
			files = (
				B7C9DFA31A47BDD600E39BCD /* AVFoundation.framework in Frameworks */,
			);
			runOnlyForDeploymentPostprocessing = 0;
		};
		B757248C1A05663B00F202B0 /* Frameworks */ = {
			isa = PBXFrameworksBuildPhase;
			buildActionMask = 2147483647;
			files = (
			);
			runOnlyForDeploymentPostprocessing = 0;
		};
/* End PBXFrameworksBuildPhase section */

/* Begin PBXGroup section */
		B75724711A05663800F202B0 = {
			isa = PBXGroup;
			children = (
				B7C9DFA21A47BDD600E39BCD /* AVFoundation.framework */,
				B757247C1A05663900F202B0 /* Roll Player Dice Helper */,
				B75724921A05663B00F202B0 /* Roll Player Dice HelperTests */,
				B757247B1A05663900F202B0 /* Products */,
			);
			sourceTree = "<group>";
		};
		B757247B1A05663900F202B0 /* Products */ = {
			isa = PBXGroup;
			children = (
				B757247A1A05663900F202B0 /* Roll Player Dice Helper.app */,
				B757248F1A05663B00F202B0 /* Roll Player Dice HelperTests.xctest */,
			);
			name = Products;
			sourceTree = "<group>";
		};
		B757247C1A05663900F202B0 /* Roll Player Dice Helper */ = {
			isa = PBXGroup;
			children = (
				B757247F1A05663900F202B0 /* AppDelegate.swift */,
				B75724811A05663900F202B0 /* ViewController.swift */,
				B75724831A05663900F202B0 /* Main.storyboard */,
				B75724881A05663B00F202B0 /* LaunchScreen.xib */,
				B703F7271A16F5FD003704FC /* Images.xcassets */,
				B757247D1A05663900F202B0 /* Supporting Files */,
			);
			path = "Roll Player Dice Helper";
			sourceTree = "<group>";
		};
		B757247D1A05663900F202B0 /* Supporting Files */ = {
			isa = PBXGroup;
			children = (
				B7C15B7F1A0DB86F005F18A5 /* IMG_0286.JPG */,
				B785EBB01A4275C000638057 /* diceroll.mp3 */,
				B757247E1A05663900F202B0 /* Info.plist */,
			);
			name = "Supporting Files";
			sourceTree = "<group>";
		};
		B75724921A05663B00F202B0 /* Roll Player Dice HelperTests */ = {
			isa = PBXGroup;
			children = (
				B75724951A05663B00F202B0 /* Roll_Player_Dice_HelperTests.swift */,
				B75724931A05663B00F202B0 /* Supporting Files */,
			);
			path = "Roll Player Dice HelperTests";
			sourceTree = "<group>";
		};
		B75724931A05663B00F202B0 /* Supporting Files */ = {
			isa = PBXGroup;
			children = (
				B75724941A05663B00F202B0 /* Info.plist */,
			);
			name = "Supporting Files";
			sourceTree = "<group>";
		};
/* End PBXGroup section */

/* Begin PBXNativeTarget section */
		B75724791A05663900F202B0 /* Roll Player Dice Helper */ = {
			isa = PBXNativeTarget;
			buildConfigurationList = B75724991A05663B00F202B0 /* Build configuration list for PBXNativeTarget "Roll Player Dice Helper" */;
			buildPhases = (
				B75724761A05663900F202B0 /* Sources */,
				B75724771A05663900F202B0 /* Frameworks */,
				B75724781A05663900F202B0 /* Resources */,
			);
			buildRules = (
			);
			dependencies = (
			);
			name = "Roll Player Dice Helper";
			productName = "Roll Player Dice Helper";
			productReference = B757247A1A05663900F202B0 /* Roll Player Dice Helper.app */;
			productType = "com.apple.product-type.application";
		};
		B757248E1A05663B00F202B0 /* Roll Player Dice HelperTests */ = {
			isa = PBXNativeTarget;
			buildConfigurationList = B757249C1A05663B00F202B0 /* Build configuration list for PBXNativeTarget "Roll Player Dice HelperTests" */;
			buildPhases = (
				B757248B1A05663B00F202B0 /* Sources */,
				B757248C1A05663B00F202B0 /* Frameworks */,
				B757248D1A05663B00F202B0 /* Resources */,
			);
			buildRules = (
			);
			dependencies = (
				B75724911A05663B00F202B0 /* PBXTargetDependency */,
			);
			name = "Roll Player Dice HelperTests";
			productName = "Roll Player Dice HelperTests";
			productReference = B757248F1A05663B00F202B0 /* Roll Player Dice HelperTests.xctest */;
			productType = "com.apple.product-type.bundle.unit-test";
		};
/* End PBXNativeTarget section */

/* Begin PBXProject section */
		B75724721A05663800F202B0 /* Project object */ = {
			isa = PBXProject;
			attributes = {
				LastUpgradeCheck = 0610;
				ORGANIZATIONNAME = "Robert Biddle";
				TargetAttributes = {
					B75724791A05663900F202B0 = {
						CreatedOnToolsVersion = 6.1;
						DevelopmentTeam = JY6FRW3E5P;
					};
					B757248E1A05663B00F202B0 = {
						CreatedOnToolsVersion = 6.1;
						TestTargetID = B75724791A05663900F202B0;
					};
				};
			};
			buildConfigurationList = B75724751A05663800F202B0 /* Build configuration list for PBXProject "Roll Player Dice Helper" */;
			compatibilityVersion = "Xcode 3.2";
			developmentRegion = English;
			hasScannedForEncodings = 0;
			knownRegions = (
				en,
				Base,
			);
			mainGroup = B75724711A05663800F202B0;
			productRefGroup = B757247B1A05663900F202B0 /* Products */;
			projectDirPath = "";
			projectRoot = "";
			targets = (
				B75724791A05663900F202B0 /* Roll Player Dice Helper */,
				B757248E1A05663B00F202B0 /* Roll Player Dice HelperTests */,
			);
		};
/* End PBXProject section */

/* Begin PBXResourcesBuildPhase section */
		B75724781A05663900F202B0 /* Resources */ = {
			isa = PBXResourcesBuildPhase;
			buildActionMask = 2147483647;
			files = (
				B75724851A05663900F202B0 /* Main.storyboard in Resources */,
				B757248A1A05663B00F202B0 /* LaunchScreen.xib in Resources */,
				B785EBB11A4275C000638057 /* diceroll.mp3 in Resources */,
				B703F7281A16F5FD003704FC /* Images.xcassets in Resources */,
				B7C15B801A0DB86F005F18A5 /* IMG_0286.JPG in Resources */,
			);
			runOnlyForDeploymentPostprocessing = 0;
		};
		B757248D1A05663B00F202B0 /* Resources */ = {
			isa = PBXResourcesBuildPhase;
			buildActionMask = 2147483647;
			files = (
			);
			runOnlyForDeploymentPostprocessing = 0;
		};
/* End PBXResourcesBuildPhase section */

/* Begin PBXSourcesBuildPhase section */
		B75724761A05663900F202B0 /* Sources */ = {
			isa = PBXSourcesBuildPhase;
			buildActionMask = 2147483647;
			files = (
				B75724821A05663900F202B0 /* ViewController.swift in Sources */,
				B75724801A05663900F202B0 /* AppDelegate.swift in Sources */,
			);
			runOnlyForDeploymentPostprocessing = 0;
		};
		B757248B1A05663B00F202B0 /* Sources */ = {
			isa = PBXSourcesBuildPhase;
			buildActionMask = 2147483647;
			files = (
				B75724961A05663B00F202B0 /* Roll_Player_Dice_HelperTests.swift in Sources */,
			);
			runOnlyForDeploymentPostprocessing = 0;
		};
/* End PBXSourcesBuildPhase section */

/* Begin PBXTargetDependency section */
		B75724911A05663B00F202B0 /* PBXTargetDependency */ = {
			isa = PBXTargetDependency;
			target = B75724791A05663900F202B0 /* Roll Player Dice Helper */;
			targetProxy = B75724901A05663B00F202B0 /* PBXContainerItemProxy */;
		};
/* End PBXTargetDependency section */

/* Begin PBXVariantGroup section */
		B75724831A05663900F202B0 /* Main.storyboard */ = {
			isa = PBXVariantGroup;
			children = (
				B75724841A05663900F202B0 /* Base */,
			);
			name = Main.storyboard;
			sourceTree = "<group>";
		};
		B75724881A05663B00F202B0 /* LaunchScreen.xib */ = {
			isa = PBXVariantGroup;
			children = (
				B75724891A05663B00F202B0 /* Base */,
			);
			name = LaunchScreen.xib;
			sourceTree = "<group>";
		};
/* End PBXVariantGroup section */

/* Begin XCBuildConfiguration section */
		B75724971A05663B00F202B0 /* Debug */ = {
			isa = XCBuildConfiguration;
			buildSettings = {
				ALWAYS_SEARCH_USER_PATHS = NO;
				CLANG_CXX_LANGUAGE_STANDARD = "gnu++0x";
				CLANG_CXX_LIBRARY = "libc++";
				CLANG_ENABLE_MODULES = YES;
				CLANG_ENABLE_OBJC_ARC = YES;
				CLANG_WARN_BOOL_CONVERSION = YES;
				CLANG_WARN_CONSTANT_CONVERSION = YES;
				CLANG_WARN_DIRECT_OBJC_ISA_USAGE = YES_ERROR;
				CLANG_WARN_EMPTY_BODY = YES;
				CLANG_WARN_ENUM_CONVERSION = YES;
				CLANG_WARN_INT_CONVERSION = YES;
				CLANG_WARN_OBJC_ROOT_CLASS = YES_ERROR;
				CLANG_WARN_UNREACHABLE_CODE = YES;
				CLANG_WARN__DUPLICATE_METHOD_MATCH = YES;
				"CODE_SIGN_IDENTITY[sdk=iphoneos*]" = "iPhone Developer";
				COPY_PHASE_STRIP = NO;
				ENABLE_STRICT_OBJC_MSGSEND = YES;
				GCC_C_LANGUAGE_STANDARD = gnu99;
				GCC_DYNAMIC_NO_PIC = NO;
				GCC_OPTIMIZATION_LEVEL = 0;
				GCC_PREPROCESSOR_DEFINITIONS = (
					"DEBUG=1",
					"$(inherited)",
				);
				GCC_SYMBOLS_PRIVATE_EXTERN = NO;
				GCC_WARN_64_TO_32_BIT_CONVERSION = YES;
				GCC_WARN_ABOUT_RETURN_TYPE = YES_ERROR;
				GCC_WARN_UNDECLARED_SELECTOR = YES;
				GCC_WARN_UNINITIALIZED_AUTOS = YES_AGGRESSIVE;
				GCC_WARN_UNUSED_FUNCTION = YES;
				GCC_WARN_UNUSED_VARIABLE = YES;
				IPHONEOS_DEPLOYMENT_TARGET = 7.0;
				MTL_ENABLE_DEBUG_INFO = YES;
				ONLY_ACTIVE_ARCH = YES;
				SDKROOT = iphoneos;
				SWIFT_OPTIMIZATION_LEVEL = "-Onone";
				TARGETED_DEVICE_FAMILY = "1,2";
			};
			name = Debug;
		};
		B75724981A05663B00F202B0 /* Release */ = {
			isa = XCBuildConfiguration;
			buildSettings = {
				ALWAYS_SEARCH_USER_PATHS = NO;
				CLANG_CXX_LANGUAGE_STANDARD = "gnu++0x";
				CLANG_CXX_LIBRARY = "libc++";
				CLANG_ENABLE_MODULES = YES;
				CLANG_ENABLE_OBJC_ARC = YES;
				CLANG_WARN_BOOL_CONVERSION = YES;
				CLANG_WARN_CONSTANT_CONVERSION = YES;
				CLANG_WARN_DIRECT_OBJC_ISA_USAGE = YES_ERROR;
				CLANG_WARN_EMPTY_BODY = YES;
				CLANG_WARN_ENUM_CONVERSION = YES;
				CLANG_WARN_INT_CONVERSION = YES;
				CLANG_WARN_OBJC_ROOT_CLASS = YES_ERROR;
				CLANG_WARN_UNREACHABLE_CODE = YES;
				CLANG_WARN__DUPLICATE_METHOD_MATCH = YES;
				"CODE_SIGN_IDENTITY[sdk=iphoneos*]" = "iPhone Developer";
				COPY_PHASE_STRIP = YES;
				ENABLE_NS_ASSERTIONS = NO;
				ENABLE_STRICT_OBJC_MSGSEND = YES;
				GCC_C_LANGUAGE_STANDARD = gnu99;
				GCC_WARN_64_TO_32_BIT_CONVERSION = YES;
				GCC_WARN_ABOUT_RETURN_TYPE = YES_ERROR;
				GCC_WARN_UNDECLARED_SELECTOR = YES;
				GCC_WARN_UNINITIALIZED_AUTOS = YES_AGGRESSIVE;
				GCC_WARN_UNUSED_FUNCTION = YES;
				GCC_WARN_UNUSED_VARIABLE = YES;
				IPHONEOS_DEPLOYMENT_TARGET = 7.0;
				MTL_ENABLE_DEBUG_INFO = NO;
				SDKROOT = iphoneos;
				TARGETED_DEVICE_FAMILY = "1,2";
				VALIDATE_PRODUCT = YES;
			};
			name = Release;
		};
		B757249A1A05663B00F202B0 /* Debug */ = {
			isa = XCBuildConfiguration;
			buildSettings = {
				ASSETCATALOG_COMPILER_APPICON_NAME = AppIcon;
				ASSETCATALOG_COMPILER_LAUNCHIMAGE_NAME = LaunchImage;
				CODE_SIGN_IDENTITY = "iPhone Developer";
				"CODE_SIGN_IDENTITY[sdk=iphoneos*]" = "iPhone Developer";
				INFOPLIST_FILE = "Roll Player Dice Helper/Info.plist";
				IPHONEOS_DEPLOYMENT_TARGET = 7.0;
				LD_RUNPATH_SEARCH_PATHS = "$(inherited) @executable_path/Frameworks";
				PRODUCT_NAME = "$(TARGET_NAME)";
				PROVISIONING_PROFILE = "";
			};
			name = Debug;
		};
		B757249B1A05663B00F202B0 /* Release */ = {
			isa = XCBuildConfiguration;
			buildSettings = {
				ASSETCATALOG_COMPILER_APPICON_NAME = AppIcon;
				ASSETCATALOG_COMPILER_LAUNCHIMAGE_NAME = LaunchImage;
				CODE_SIGN_IDENTITY = "iPhone Developer";
				"CODE_SIGN_IDENTITY[sdk=iphoneos*]" = "iPhone Developer";
				INFOPLIST_FILE = "Roll Player Dice Helper/Info.plist";
				IPHONEOS_DEPLOYMENT_TARGET = 7.0;
				LD_RUNPATH_SEARCH_PATHS = "$(inherited) @executable_path/Frameworks";
				PRODUCT_NAME = "$(TARGET_NAME)";
				PROVISIONING_PROFILE = "";
			};
			name = Release;
		};
		B757249D1A05663B00F202B0 /* Debug */ = {
			isa = XCBuildConfiguration;
			buildSettings = {
				BUNDLE_LOADER = "$(TEST_HOST)";
				FRAMEWORK_SEARCH_PATHS = (
					"$(SDKROOT)/Developer/Library/Frameworks",
					"$(inherited)",
				);
				GCC_PREPROCESSOR_DEFINITIONS = (
					"DEBUG=1",
					"$(inherited)",
				);
				INFOPLIST_FILE = "Roll Player Dice HelperTests/Info.plist";
				LD_RUNPATH_SEARCH_PATHS = "$(inherited) @executable_path/Frameworks @loader_path/Frameworks";
				PRODUCT_NAME = "$(TARGET_NAME)";
				TEST_HOST = "$(BUILT_PRODUCTS_DIR)/Roll Player Dice Helper.app/Roll Player Dice Helper";
			};
			name = Debug;
		};
		B757249E1A05663B00F202B0 /* Release */ = {
			isa = XCBuildConfiguration;
			buildSettings = {
				BUNDLE_LOADER = "$(TEST_HOST)";
				FRAMEWORK_SEARCH_PATHS = (
					"$(SDKROOT)/Developer/Library/Frameworks",
					"$(inherited)",
				);
				INFOPLIST_FILE = "Roll Player Dice HelperTests/Info.plist";
				LD_RUNPATH_SEARCH_PATHS = "$(inherited) @executable_path/Frameworks @loader_path/Frameworks";
				PRODUCT_NAME = "$(TARGET_NAME)";
				TEST_HOST = "$(BUILT_PRODUCTS_DIR)/Roll Player Dice Helper.app/Roll Player Dice Helper";
			};
			name = Release;
		};
/* End XCBuildConfiguration section */

/* Begin XCConfigurationList section */
		B75724751A05663800F202B0 /* Build configuration list for PBXProject "Roll Player Dice Helper" */ = {
			isa = XCConfigurationList;
			buildConfigurations = (
				B75724971A05663B00F202B0 /* Debug */,
				B75724981A05663B00F202B0 /* Release */,
			);
			defaultConfigurationIsVisible = 0;
			defaultConfigurationName = Release;
		};
		B75724991A05663B00F202B0 /* Build configuration list for PBXNativeTarget "Roll Player Dice Helper" */ = {
			isa = XCConfigurationList;
			buildConfigurations = (
				B757249A1A05663B00F202B0 /* Debug */,
				B757249B1A05663B00F202B0 /* Release */,
			);
			defaultConfigurationIsVisible = 0;
			defaultConfigurationName = Release;
		};
		B757249C1A05663B00F202B0 /* Build configuration list for PBXNativeTarget "Roll Player Dice HelperTests" */ = {
			isa = XCConfigurationList;
			buildConfigurations = (
				B757249D1A05663B00F202B0 /* Debug */,
				B757249E1A05663B00F202B0 /* Release */,
			);
			defaultConfigurationIsVisible = 0;
			defaultConfigurationName = Release;
		};
/* End XCConfigurationList section */
	};
	rootObject = B75724721A05663800F202B0 /* Project object */;
}
